// !$*UTF8*$!
{
	archiveVersion = 1;
	classes = {
	};
	objectVersion = 46;
	objects = {

/* Begin PBXBuildFile section */
		742B7F9F1AF4407F000ADB38 /* SigninViewController.swift in Sources */ = {isa = PBXBuildFile; fileRef = 742B7F9E1AF4407F000ADB38 /* SigninViewController.swift */; };
		742B7FA11AF441AA000ADB38 /* CustomerEditViewController.swift in Sources */ = {isa = PBXBuildFile; fileRef = 742B7FA01AF441AA000ADB38 /* CustomerEditViewController.swift */; };
		742B7FA31AF442CC000ADB38 /* CustomerInfoViewController.swift in Sources */ = {isa = PBXBuildFile; fileRef = 742B7FA21AF442CC000ADB38 /* CustomerInfoViewController.swift */; };
		742B7FA51AF444C9000ADB38 /* CustomerFareViewController.swift in Sources */ = {isa = PBXBuildFile; fileRef = 742B7FA41AF444C9000ADB38 /* CustomerFareViewController.swift */; };
		742B7FA71AF44638000ADB38 /* CustomerRequestFareViewController.swift in Sources */ = {isa = PBXBuildFile; fileRef = 742B7FA61AF44638000ADB38 /* CustomerRequestFareViewController.swift */; };
		745FEF481AF43F2A003C397A /* AppDelegate.swift in Sources */ = {isa = PBXBuildFile; fileRef = 745FEF471AF43F2A003C397A /* AppDelegate.swift */; };
		745FEF4D1AF43F2A003C397A /* Main.storyboard in Resources */ = {isa = PBXBuildFile; fileRef = 745FEF4B1AF43F2A003C397A /* Main.storyboard */; };
		745FEF4F1AF43F2A003C397A /* Images.xcassets in Resources */ = {isa = PBXBuildFile; fileRef = 745FEF4E1AF43F2A003C397A /* Images.xcassets */; };
		745FEF521AF43F2A003C397A /* LaunchScreen.xib in Resources */ = {isa = PBXBuildFile; fileRef = 745FEF501AF43F2A003C397A /* LaunchScreen.xib */; };
		745FEF5E1AF43F2A003C397A /* CabDispatchTests.swift in Sources */ = {isa = PBXBuildFile; fileRef = 745FEF5D1AF43F2A003C397A /* CabDispatchTests.swift */; };
		745FEF681AF43F39003C397A /* MapKit.framework in Frameworks */ = {isa = PBXBuildFile; fileRef = 745FEF671AF43F38003C397A /* MapKit.framework */; };
		745FEF6A1AF43F4C003C397A /* CoreLocation.framework in Frameworks */ = {isa = PBXBuildFile; fileRef = 745FEF691AF43F4C003C397A /* CoreLocation.framework */; };
		745FEF6B1AF43F6B003C397A /* MapKit.framework in Frameworks */ = {isa = PBXBuildFile; fileRef = 745FEF671AF43F38003C397A /* MapKit.framework */; };
/* End PBXBuildFile section */

/* Begin PBXContainerItemProxy section */
		745FEF581AF43F2A003C397A /* PBXContainerItemProxy */ = {
			isa = PBXContainerItemProxy;
			containerPortal = 745FEF3A1AF43F2A003C397A /* Project object */;
			proxyType = 1;
			remoteGlobalIDString = 745FEF411AF43F2A003C397A;
			remoteInfo = CabDispatch;
		};
/* End PBXContainerItemProxy section */

/* Begin PBXFileReference section */
		742B7F9E1AF4407F000ADB38 /* SigninViewController.swift */ = {isa = PBXFileReference; fileEncoding = 4; lastKnownFileType = sourcecode.swift; path = SigninViewController.swift; sourceTree = "<group>"; };
		742B7FA01AF441AA000ADB38 /* CustomerEditViewController.swift */ = {isa = PBXFileReference; fileEncoding = 4; lastKnownFileType = sourcecode.swift; path = CustomerEditViewController.swift; sourceTree = "<group>"; };
		742B7FA21AF442CC000ADB38 /* CustomerInfoViewController.swift */ = {isa = PBXFileReference; fileEncoding = 4; lastKnownFileType = sourcecode.swift; path = CustomerInfoViewController.swift; sourceTree = "<group>"; };
		742B7FA41AF444C9000ADB38 /* CustomerFareViewController.swift */ = {isa = PBXFileReference; fileEncoding = 4; lastKnownFileType = sourcecode.swift; path = CustomerFareViewController.swift; sourceTree = "<group>"; };
		742B7FA61AF44638000ADB38 /* CustomerRequestFareViewController.swift */ = {isa = PBXFileReference; fileEncoding = 4; lastKnownFileType = sourcecode.swift; path = CustomerRequestFareViewController.swift; sourceTree = "<group>"; };
		745FEF421AF43F2A003C397A /* CabDispatch.app */ = {isa = PBXFileReference; explicitFileType = wrapper.application; includeInIndex = 0; path = CabDispatch.app; sourceTree = BUILT_PRODUCTS_DIR; };
		745FEF461AF43F2A003C397A /* Info.plist */ = {isa = PBXFileReference; lastKnownFileType = text.plist.xml; path = Info.plist; sourceTree = "<group>"; };
		745FEF471AF43F2A003C397A /* AppDelegate.swift */ = {isa = PBXFileReference; lastKnownFileType = sourcecode.swift; path = AppDelegate.swift; sourceTree = "<group>"; };
		745FEF4C1AF43F2A003C397A /* Base */ = {isa = PBXFileReference; lastKnownFileType = file.storyboard; name = Base; path = Base.lproj/Main.storyboard; sourceTree = "<group>"; };
		745FEF4E1AF43F2A003C397A /* Images.xcassets */ = {isa = PBXFileReference; lastKnownFileType = folder.assetcatalog; path = Images.xcassets; sourceTree = "<group>"; };
		745FEF511AF43F2A003C397A /* Base */ = {isa = PBXFileReference; lastKnownFileType = file.xib; name = Base; path = Base.lproj/LaunchScreen.xib; sourceTree = "<group>"; };
		745FEF571AF43F2A003C397A /* CabDispatchTests.xctest */ = {isa = PBXFileReference; explicitFileType = wrapper.cfbundle; includeInIndex = 0; path = CabDispatchTests.xctest; sourceTree = BUILT_PRODUCTS_DIR; };
		745FEF5C1AF43F2A003C397A /* Info.plist */ = {isa = PBXFileReference; lastKnownFileType = text.plist.xml; path = Info.plist; sourceTree = "<group>"; };
		745FEF5D1AF43F2A003C397A /* CabDispatchTests.swift */ = {isa = PBXFileReference; lastKnownFileType = sourcecode.swift; path = CabDispatchTests.swift; sourceTree = "<group>"; };
		745FEF671AF43F38003C397A /* MapKit.framework */ = {isa = PBXFileReference; lastKnownFileType = wrapper.framework; name = MapKit.framework; path = System/Library/Frameworks/MapKit.framework; sourceTree = SDKROOT; };
		745FEF691AF43F4C003C397A /* CoreLocation.framework */ = {isa = PBXFileReference; lastKnownFileType = wrapper.framework; name = CoreLocation.framework; path = System/Library/Frameworks/CoreLocation.framework; sourceTree = SDKROOT; };
/* End PBXFileReference section */

/* Begin PBXFrameworksBuildPhase section */
		745FEF3F1AF43F2A003C397A /* Frameworks */ = {
			isa = PBXFrameworksBuildPhase;
			buildActionMask = 2147483647;
			files = (
				745FEF6A1AF43F4C003C397A /* CoreLocation.framework in Frameworks */,
				745FEF681AF43F39003C397A /* MapKit.framework in Frameworks */,
			);
			runOnlyForDeploymentPostprocessing = 0;
		};
		745FEF541AF43F2A003C397A /* Frameworks */ = {
			isa = PBXFrameworksBuildPhase;
			buildActionMask = 2147483647;
			files = (
				745FEF6B1AF43F6B003C397A /* MapKit.framework in Frameworks */,
			);
			runOnlyForDeploymentPostprocessing = 0;
		};
/* End PBXFrameworksBuildPhase section */

/* Begin PBXGroup section */
		745FEF391AF43F2A003C397A = {
			isa = PBXGroup;
			children = (
				745FEF691AF43F4C003C397A /* CoreLocation.framework */,
				745FEF671AF43F38003C397A /* MapKit.framework */,
				745FEF441AF43F2A003C397A /* CabDispatch */,
				745FEF5A1AF43F2A003C397A /* CabDispatchTests */,
				745FEF431AF43F2A003C397A /* Products */,
			);
			sourceTree = "<group>";
		};
		745FEF431AF43F2A003C397A /* Products */ = {
			isa = PBXGroup;
			children = (
				745FEF421AF43F2A003C397A /* CabDispatch.app */,
				745FEF571AF43F2A003C397A /* CabDispatchTests.xctest */,
			);
			name = Products;
			sourceTree = "<group>";
		};
		745FEF441AF43F2A003C397A /* CabDispatch */ = {
			isa = PBXGroup;
			children = (
				745FEF471AF43F2A003C397A /* AppDelegate.swift */,
				742B7F9E1AF4407F000ADB38 /* SigninViewController.swift */,
				742B7FA01AF441AA000ADB38 /* CustomerEditViewController.swift */,
				742B7FA21AF442CC000ADB38 /* CustomerInfoViewController.swift */,
				742B7FA41AF444C9000ADB38 /* CustomerFareViewController.swift */,
				742B7FA61AF44638000ADB38 /* CustomerRequestFareViewController.swift */,
				745FEF4B1AF43F2A003C397A /* Main.storyboard */,
				745FEF4E1AF43F2A003C397A /* Images.xcassets */,
				745FEF501AF43F2A003C397A /* LaunchScreen.xib */,
				745FEF451AF43F2A003C397A /* Supporting Files */,
			);
			path = CabDispatch;
			sourceTree = "<group>";
		};
		745FEF451AF43F2A003C397A /* Supporting Files */ = {
			isa = PBXGroup;
			children = (
				745FEF461AF43F2A003C397A /* Info.plist */,
			);
			name = "Supporting Files";
			sourceTree = "<group>";
		};
		745FEF5A1AF43F2A003C397A /* CabDispatchTests */ = {
			isa = PBXGroup;
			children = (
				745FEF5D1AF43F2A003C397A /* CabDispatchTests.swift */,
				745FEF5B1AF43F2A003C397A /* Supporting Files */,
			);
			path = CabDispatchTests;
			sourceTree = "<group>";
		};
		745FEF5B1AF43F2A003C397A /* Supporting Files */ = {
			isa = PBXGroup;
			children = (
				745FEF5C1AF43F2A003C397A /* Info.plist */,
			);
			name = "Supporting Files";
			sourceTree = "<group>";
		};
/* End PBXGroup section */

/* Begin PBXNativeTarget section */
		745FEF411AF43F2A003C397A /* CabDispatch */ = {
			isa = PBXNativeTarget;
			buildConfigurationList = 745FEF611AF43F2A003C397A /* Build configuration list for PBXNativeTarget "CabDispatch" */;
			buildPhases = (
				745FEF3E1AF43F2A003C397A /* Sources */,
				745FEF3F1AF43F2A003C397A /* Frameworks */,
				745FEF401AF43F2A003C397A /* Resources */,
			);
			buildRules = (
			);
			dependencies = (
			);
			name = CabDispatch;
			productName = CabDispatch;
			productReference = 745FEF421AF43F2A003C397A /* CabDispatch.app */;
			productType = "com.apple.product-type.application";
		};
		745FEF561AF43F2A003C397A /* CabDispatchTests */ = {
			isa = PBXNativeTarget;
			buildConfigurationList = 745FEF641AF43F2A003C397A /* Build configuration list for PBXNativeTarget "CabDispatchTests" */;
			buildPhases = (
				745FEF531AF43F2A003C397A /* Sources */,
				745FEF541AF43F2A003C397A /* Frameworks */,
				745FEF551AF43F2A003C397A /* Resources */,
			);
			buildRules = (
			);
			dependencies = (
				745FEF591AF43F2A003C397A /* PBXTargetDependency */,
			);
			name = CabDispatchTests;
			productName = CabDispatchTests;
			productReference = 745FEF571AF43F2A003C397A /* CabDispatchTests.xctest */;
			productType = "com.apple.product-type.bundle.unit-test";
		};
/* End PBXNativeTarget section */

/* Begin PBXProject section */
		745FEF3A1AF43F2A003C397A /* Project object */ = {
			isa = PBXProject;
			attributes = {
				LastUpgradeCheck = 0630;
				ORGANIZATIONNAME = Dylan;
				TargetAttributes = {
					745FEF411AF43F2A003C397A = {
						CreatedOnToolsVersion = 6.3.1;
						SystemCapabilities = {
							com.apple.Maps.iOS = {
								enabled = 1;
							};
						};
					};
					745FEF561AF43F2A003C397A = {
						CreatedOnToolsVersion = 6.3.1;
						TestTargetID = 745FEF411AF43F2A003C397A;
					};
				};
			};
			buildConfigurationList = 745FEF3D1AF43F2A003C397A /* Build configuration list for PBXProject "CabDispatch" */;
			compatibilityVersion = "Xcode 3.2";
			developmentRegion = English;
			hasScannedForEncodings = 0;
			knownRegions = (
				en,
				Base,
			);
			mainGroup = 745FEF391AF43F2A003C397A;
			productRefGroup = 745FEF431AF43F2A003C397A /* Products */;
			projectDirPath = "";
			projectRoot = "";
			targets = (
				745FEF411AF43F2A003C397A /* CabDispatch */,
				745FEF561AF43F2A003C397A /* CabDispatchTests */,
			);
		};
/* End PBXProject section */

/* Begin PBXResourcesBuildPhase section */
		745FEF401AF43F2A003C397A /* Resources */ = {
			isa = PBXResourcesBuildPhase;
			buildActionMask = 2147483647;
			files = (
				745FEF4D1AF43F2A003C397A /* Main.storyboard in Resources */,
				745FEF521AF43F2A003C397A /* LaunchScreen.xib in Resources */,
				745FEF4F1AF43F2A003C397A /* Images.xcassets in Resources */,
			);
			runOnlyForDeploymentPostprocessing = 0;
		};
		745FEF551AF43F2A003C397A /* Resources */ = {
			isa = PBXResourcesBuildPhase;
			buildActionMask = 2147483647;
			files = (
			);
			runOnlyForDeploymentPostprocessing = 0;
		};
/* End PBXResourcesBuildPhase section */

/* Begin PBXSourcesBuildPhase section */
		745FEF3E1AF43F2A003C397A /* Sources */ = {
			isa = PBXSourcesBuildPhase;
			buildActionMask = 2147483647;
			files = (
				742B7FA31AF442CC000ADB38 /* CustomerInfoViewController.swift in Sources */,
				742B7F9F1AF4407F000ADB38 /* SigninViewController.swift in Sources */,
				742B7FA51AF444C9000ADB38 /* CustomerFareViewController.swift in Sources */,
				745FEF481AF43F2A003C397A /* AppDelegate.swift in Sources */,
				742B7FA71AF44638000ADB38 /* CustomerRequestFareViewController.swift in Sources */,
				742B7FA11AF441AA000ADB38 /* CustomerEditViewController.swift in Sources */,
			);
			runOnlyForDeploymentPostprocessing = 0;
		};
		745FEF531AF43F2A003C397A /* Sources */ = {
			isa = PBXSourcesBuildPhase;
			buildActionMask = 2147483647;
			files = (
				745FEF5E1AF43F2A003C397A /* CabDispatchTests.swift in Sources */,
			);
			runOnlyForDeploymentPostprocessing = 0;
		};
/* End PBXSourcesBuildPhase section */

/* Begin PBXTargetDependency section */
		745FEF591AF43F2A003C397A /* PBXTargetDependency */ = {
			isa = PBXTargetDependency;
			target = 745FEF411AF43F2A003C397A /* CabDispatch */;
			targetProxy = 745FEF581AF43F2A003C397A /* PBXContainerItemProxy */;
		};
/* End PBXTargetDependency section */

/* Begin PBXVariantGroup section */
		745FEF4B1AF43F2A003C397A /* Main.storyboard */ = {
			isa = PBXVariantGroup;
			children = (
				745FEF4C1AF43F2A003C397A /* Base */,
			);
			name = Main.storyboard;
			sourceTree = "<group>";
		};
		745FEF501AF43F2A003C397A /* LaunchScreen.xib */ = {
			isa = PBXVariantGroup;
			children = (
				745FEF511AF43F2A003C397A /* Base */,
			);
			name = LaunchScreen.xib;
			sourceTree = "<group>";
		};
/* End PBXVariantGroup section */

/* Begin XCBuildConfiguration section */
		745FEF5F1AF43F2A003C397A /* Debug */ = {
			isa = XCBuildConfiguration;
			buildSettings = {
				ALWAYS_SEARCH_USER_PATHS = NO;
				CLANG_CXX_LANGUAGE_STANDARD = "gnu++0x";
				CLANG_CXX_LIBRARY = "libc++";
				CLANG_ENABLE_MODULES = YES;
				CLANG_ENABLE_OBJC_ARC = YES;
				CLANG_WARN_BOOL_CONVERSION = YES;
				CLANG_WARN_CONSTANT_CONVERSION = YES;
				CLANG_WARN_DIRECT_OBJC_ISA_USAGE = YES_ERROR;
				CLANG_WARN_EMPTY_BODY = YES;
				CLANG_WARN_ENUM_CONVERSION = YES;
				CLANG_WARN_INT_CONVERSION = YES;
				CLANG_WARN_OBJC_ROOT_CLASS = YES_ERROR;
				CLANG_WARN_UNREACHABLE_CODE = YES;
				CLANG_WARN__DUPLICATE_METHOD_MATCH = YES;
				"CODE_SIGN_IDENTITY[sdk=iphoneos*]" = "iPhone Developer";
				COPY_PHASE_STRIP = NO;
				DEBUG_INFORMATION_FORMAT = "dwarf-with-dsym";
				ENABLE_STRICT_OBJC_MSGSEND = YES;
				GCC_C_LANGUAGE_STANDARD = gnu99;
				GCC_DYNAMIC_NO_PIC = NO;
				GCC_NO_COMMON_BLOCKS = YES;
				GCC_OPTIMIZATION_LEVEL = 0;
				GCC_PREPROCESSOR_DEFINITIONS = (
					"DEBUG=1",
					"$(inherited)",
				);
				GCC_SYMBOLS_PRIVATE_EXTERN = NO;
				GCC_WARN_64_TO_32_BIT_CONVERSION = YES;
				GCC_WARN_ABOUT_RETURN_TYPE = YES_ERROR;
				GCC_WARN_UNDECLARED_SELECTOR = YES;
				GCC_WARN_UNINITIALIZED_AUTOS = YES_AGGRESSIVE;
				GCC_WARN_UNUSED_FUNCTION = YES;
				GCC_WARN_UNUSED_VARIABLE = YES;
				IPHONEOS_DEPLOYMENT_TARGET = 8.3;
				MTL_ENABLE_DEBUG_INFO = YES;
				ONLY_ACTIVE_ARCH = YES;
				SDKROOT = iphoneos;
				SWIFT_OPTIMIZATION_LEVEL = "-Onone";
			};
			name = Debug;
		};
		745FEF601AF43F2A003C397A /* Release */ = {
			isa = XCBuildConfiguration;
			buildSettings = {
				ALWAYS_SEARCH_USER_PATHS = NO;
				CLANG_CXX_LANGUAGE_STANDARD = "gnu++0x";
				CLANG_CXX_LIBRARY = "libc++";
				CLANG_ENABLE_MODULES = YES;
				CLANG_ENABLE_OBJC_ARC = YES;
				CLANG_WARN_BOOL_CONVERSION = YES;
				CLANG_WARN_CONSTANT_CONVERSION = YES;
				CLANG_WARN_DIRECT_OBJC_ISA_USAGE = YES_ERROR;
				CLANG_WARN_EMPTY_BODY = YES;
				CLANG_WARN_ENUM_CONVERSION = YES;
				CLANG_WARN_INT_CONVERSION = YES;
				CLANG_WARN_OBJC_ROOT_CLASS = YES_ERROR;
				CLANG_WARN_UNREACHABLE_CODE = YES;
				CLANG_WARN__DUPLICATE_METHOD_MATCH = YES;
				"CODE_SIGN_IDENTITY[sdk=iphoneos*]" = "iPhone Developer";
				COPY_PHASE_STRIP = NO;
				DEBUG_INFORMATION_FORMAT = "dwarf-with-dsym";
				ENABLE_NS_ASSERTIONS = NO;
				ENABLE_STRICT_OBJC_MSGSEND = YES;
				GCC_C_LANGUAGE_STANDARD = gnu99;
				GCC_NO_COMMON_BLOCKS = YES;
				GCC_WARN_64_TO_32_BIT_CONVERSION = YES;
				GCC_WARN_ABOUT_RETURN_TYPE = YES_ERROR;
				GCC_WARN_UNDECLARED_SELECTOR = YES;
				GCC_WARN_UNINITIALIZED_AUTOS = YES_AGGRESSIVE;
				GCC_WARN_UNUSED_FUNCTION = YES;
				GCC_WARN_UNUSED_VARIABLE = YES;
				IPHONEOS_DEPLOYMENT_TARGET = 8.3;
				MTL_ENABLE_DEBUG_INFO = NO;
				SDKROOT = iphoneos;
				VALIDATE_PRODUCT = YES;
			};
			name = Release;
		};
		745FEF621AF43F2A003C397A /* Debug */ = {
			isa = XCBuildConfiguration;
			buildSettings = {
				ASSETCATALOG_COMPILER_APPICON_NAME = AppIcon;
				INFOPLIST_FILE = CabDispatch/Info.plist;
				LD_RUNPATH_SEARCH_PATHS = "$(inherited) @executable_path/Frameworks";
				PRODUCT_NAME = "$(TARGET_NAME)";
				TARGETED_DEVICE_FAMILY = "1,2";
			};
			name = Debug;
		};
		745FEF631AF43F2A003C397A /* Release */ = {
			isa = XCBuildConfiguration;
			buildSettings = {
				ASSETCATALOG_COMPILER_APPICON_NAME = AppIcon;
				INFOPLIST_FILE = CabDispatch/Info.plist;
				LD_RUNPATH_SEARCH_PATHS = "$(inherited) @executable_path/Frameworks";
				PRODUCT_NAME = "$(TARGET_NAME)";
				TARGETED_DEVICE_FAMILY = "1,2";
			};
			name = Release;
		};
		745FEF651AF43F2A003C397A /* Debug */ = {
			isa = XCBuildConfiguration;
			buildSettings = {
				BUNDLE_LOADER = "$(TEST_HOST)";
				FRAMEWORK_SEARCH_PATHS = (
					"$(SDKROOT)/Developer/Library/Frameworks",
					"$(inherited)",
				);
				GCC_PREPROCESSOR_DEFINITIONS = (
					"DEBUG=1",
					"$(inherited)",
				);
				INFOPLIST_FILE = CabDispatchTests/Info.plist;
				LD_RUNPATH_SEARCH_PATHS = "$(inherited) @executable_path/Frameworks @loader_path/Frameworks";
				PRODUCT_NAME = "$(TARGET_NAME)";
				TEST_HOST = "$(BUILT_PRODUCTS_DIR)/CabDispatch.app/CabDispatch";
			};
			name = Debug;
		};
		745FEF661AF43F2A003C397A /* Release */ = {
			isa = XCBuildConfiguration;
			buildSettings = {
				BUNDLE_LOADER = "$(TEST_HOST)";
				FRAMEWORK_SEARCH_PATHS = (
					"$(SDKROOT)/Developer/Library/Frameworks",
					"$(inherited)",
				);
				INFOPLIST_FILE = CabDispatchTests/Info.plist;
				LD_RUNPATH_SEARCH_PATHS = "$(inherited) @executable_path/Frameworks @loader_path/Frameworks";
				PRODUCT_NAME = "$(TARGET_NAME)";
				TEST_HOST = "$(BUILT_PRODUCTS_DIR)/CabDispatch.app/CabDispatch";
			};
			name = Release;
		};
/* End XCBuildConfiguration section */

/* Begin XCConfigurationList section */
		745FEF3D1AF43F2A003C397A /* Build configuration list for PBXProject "CabDispatch" */ = {
			isa = XCConfigurationList;
			buildConfigurations = (
				745FEF5F1AF43F2A003C397A /* Debug */,
				745FEF601AF43F2A003C397A /* Release */,
			);
			defaultConfigurationIsVisible = 0;
			defaultConfigurationName = Release;
		};
		745FEF611AF43F2A003C397A /* Build configuration list for PBXNativeTarget "CabDispatch" */ = {
			isa = XCConfigurationList;
			buildConfigurations = (
				745FEF621AF43F2A003C397A /* Debug */,
				745FEF631AF43F2A003C397A /* Release */,
			);
			defaultConfigurationIsVisible = 0;
			defaultConfigurationName = Release;
		};
		745FEF641AF43F2A003C397A /* Build configuration list for PBXNativeTarget "CabDispatchTests" */ = {
			isa = XCConfigurationList;
			buildConfigurations = (
				745FEF651AF43F2A003C397A /* Debug */,
				745FEF661AF43F2A003C397A /* Release */,
			);
			defaultConfigurationIsVisible = 0;
			defaultConfigurationName = Release;
		};
/* End XCConfigurationList section */
	};
	rootObject = 745FEF3A1AF43F2A003C397A /* Project object */;
}
